
Microsoft Visual Studio Solution File, Format Version 12.00
# Visual Studio Version 17
VisualStudioVersion = 17.14.37516.0 d17.14
MinimumVisualStudioVersion = 10.0.40219.1
Project("{FAE04EC0-301F-11D3-BF4B-00C04F79EFBC}") = "Executive", "Executive.csproj", "{6EC9E51E-6851-420D-89E8-AE341BFB5ABF}"
EndProject
Project("{FAE04EC0-301F-11D3-BF4B-00C04F79EFBC}") = "Networking", "..\Networking\Networking.csproj", "{BF711DA3-A7F1-4B85-B32D-3BAFB5EAE11D}"
EndProject
Global
	GlobalSection(SolutionConfigurationPlatforms) = preSolution
		Debug|Any CPU = Debug|Any CPU
		Release|Any CPU = Release|Any CPU
	EndGlobalSection
	GlobalSection(ProjectConfigurationPlatforms) = postSolution
		{6EC9E51E-6851-420D-89E8-AE341BFB5ABF}.Debug|Any CPU.ActiveCfg = Debug|Any CPU
		{6EC9E51E-6851-420D-89E8-AE341BFB5ABF}.Debug|Any CPU.Build.0 = Debug|Any CPU
		{6EC9E51E-6851-420D-89E8-AE341BFB5ABF}.Release|Any CPU.ActiveCfg = Release|Any CPU
		{6EC9E51E-6851-420D-89E8-AE341BFB5ABF}.Release|Any CPU.Build.0 = Release|Any CPU
		{BF711DA3-A7F1-4B85-B32D-3BAFB5EAE11D}.Debug|Any CPU.ActiveCfg = Debug|Any CPU
		{BF711DA3-A7F1-4B85-B32D-3BAFB5EAE11D}.Debug|Any CPU.Build.0 = Debug|Any CPU
		{BF711DA3-A7F1-4B85-B32D-3BAFB5EAE11D}.Release|Any CPU.ActiveCfg = Release|Any CPU
		{BF711DA3-A7F1-4B85-B32D-3BAFB5EAE11D}.Release|Any CPU.Build.0 = Release|Any CPU
	EndGlobalSection
	GlobalSection(SolutionProperties) = preSolution
		HideSolutionNode = FALSE
	EndGlobalSection
	GlobalSection(ExtensibilityGlobals) = postSolution
		SolutionGuid = {F2DBAF5F-E823-4C5D-8900-2B8D144FFC86}
	EndGlobalSection
EndGlobal
