
Microsoft Visual Studio Solution File, Format Version 12.00
# Visual Studio Version 17
VisualStudioVersion = 17.14.37516.0 d17.14
MinimumVisualStudioVersion = 10.0.40219.1
Project("{FAE04EC0-301F-11D3-BF4B-00C04F79EFBC}") = "TODOApp", "App\TODOApp.csproj", "{FA6BD626-CF17-4962-ACE3-6D65ACE93498}"
EndProject
Global
	GlobalSection(SolutionConfigurationPlatforms) = preSolution
		Debug|Any CPU = Debug|Any CPU
		Release|Any CPU = Release|Any CPU
	EndGlobalSection
	GlobalSection(ProjectConfigurationPlatforms) = postSolution
		{FA6BD626-CF17-4962-ACE3-6D65ACE93498}.Debug|Any CPU.ActiveCfg = Debug|Any CPU
		{FA6BD626-CF17-4962-ACE3-6D65ACE93498}.Debug|Any CPU.Build.0 = Debug|Any CPU
		{FA6BD626-CF17-4962-ACE3-6D65ACE93498}.Release|Any CPU.ActiveCfg = Release|Any CPU
		{FA6BD626-CF17-4962-ACE3-6D65ACE93498}.Release|Any CPU.Build.0 = Release|Any CPU
	EndGlobalSection
	GlobalSection(SolutionProperties) = preSolution
		HideSolutionNode = FALSE
	EndGlobalSection
	GlobalSection(ExtensibilityGlobals) = postSolution
		SolutionGuid = {CACCC2B9-6463-40A1-BA66-ABF87984DAE9}
	EndGlobalSection
EndGlobal
