
Microsoft Visual Studio Solution File, Format Version 12.00
# Visual Studio Version 17
VisualStudioVersion = 17.14.37516.0 d17.14
MinimumVisualStudioVersion = 10.0.40219.1
Project("{FAE04EC0-301F-11D3-BF4B-00C04F79EFBC}") = "Counter", "CounterDemo\Counter.csproj", "{60FCA955-5107-408A-9EA8-CBA2E9A24C33}"
EndProject
Global
	GlobalSection(SolutionConfigurationPlatforms) = preSolution
		Debug|Any CPU = Debug|Any CPU
		Release|Any CPU = Release|Any CPU
	EndGlobalSection
	GlobalSection(ProjectConfigurationPlatforms) = postSolution
		{60FCA955-5107-408A-9EA8-CBA2E9A24C33}.Debug|Any CPU.ActiveCfg = Debug|Any CPU
		{60FCA955-5107-408A-9EA8-CBA2E9A24C33}.Debug|Any CPU.Build.0 = Debug|Any CPU
		{60FCA955-5107-408A-9EA8-CBA2E9A24C33}.Release|Any CPU.ActiveCfg = Release|Any CPU
		{60FCA955-5107-408A-9EA8-CBA2E9A24C33}.Release|Any CPU.Build.0 = Release|Any CPU
	EndGlobalSection
	GlobalSection(SolutionProperties) = preSolution
		HideSolutionNode = FALSE
	EndGlobalSection
	GlobalSection(ExtensibilityGlobals) = postSolution
		SolutionGuid = {1E4A93FA-7A5F-4A86-9A0F-50784E928118}
	EndGlobalSection
EndGlobal
